PODS:
  - MBProgressHUD (1.2.0)
  - ReactiveCocoa (10.2.0):
    - ReactiveSwift (~> 6.2)
  - ReactiveSwift (6.2.1)

DEPENDENCIES:
  - MBProgressHUD (~> 1.2.0)
  - ReactiveCocoa (~> 10.1)
  - ReactiveSwift (~> 6.1)

SPEC REPOS:
  trunk:
    - MBProgressHUD
    - ReactiveCocoa
    - ReactiveSwift

SPEC CHECKSUMS:
  MBProgressHUD: 3ee5efcc380f6a79a7cc9b363dd669c5e1ae7406
  ReactiveCocoa: a123c42f449c552460a4ee217dd49c76a17c8204
  ReactiveSwift: 07ddf579f4eb3ee3bd656214f0461aaf2c0fd639

PODFILE CHECKSUM: 59f21294288e8b4efbfb71d53db5009390059f10

COCOAPODS: 1.8.4
